
Microsoft Visual Studio Solution File, Format Version 12.00
# Visual Studio Version 16
VisualStudioVersion = 16.0.30907.101
MinimumVisualStudioVersion = 10.0.40219.1
Project("{FAE04EC0-301F-11D3-BF4B-00C04F79EFBC}") = "ClassMetotDemo", "ClassMetotDemo\ClassMetotDemo.csproj", "{C91B85FD-8B9C-4D3C-8E51-EB53E579B947}"
EndProject
Global
	GlobalSection(SolutionConfigurationPlatforms) = preSolution
		Debug|Any CPU = Debug|Any CPU
		Release|Any CPU = Release|Any CPU
	EndGlobalSection
	GlobalSection(ProjectConfigurationPlatforms) = postSolution
		{C91B85FD-8B9C-4D3C-8E51-EB53E579B947}.Debug|Any CPU.ActiveCfg = Debug|Any CPU
		{C91B85FD-8B9C-4D3C-8E51-EB53E579B947}.Debug|Any CPU.Build.0 = Debug|Any CPU
		{C91B85FD-8B9C-4D3C-8E51-EB53E579B947}.Release|Any CPU.ActiveCfg = Release|Any CPU
		{C91B85FD-8B9C-4D3C-8E51-EB53E579B947}.Release|Any CPU.Build.0 = Release|Any CPU
	EndGlobalSection
	GlobalSection(SolutionProperties) = preSolution
		HideSolutionNode = FALSE
	EndGlobalSection
	GlobalSection(ExtensibilityGlobals) = postSolution
		SolutionGuid = {3313D3B5-10B9-41BD-8CF5-0E2C37A72ECF}
	EndGlobalSection
EndGlobal
